
Microsoft Visual Studio Solution File, Format Version 12.00
# Visual Studio 15
VisualStudioVersion = 15.0.28010.2050
MinimumVisualStudioVersion = 10.0.40219.1
Project("{FAE04EC0-301F-11D3-BF4B-00C04F79EFBC}") = "xorHW", "xorHW\xorHW.csproj", "{0A09F839-6750-4D30-AF8C-4D79C6ECB672}"
EndProject
Global
	GlobalSection(SolutionConfigurationPlatforms) = preSolution
		Debug|Any CPU = Debug|Any CPU
		Release|Any CPU = Release|Any CPU
	EndGlobalSection
	GlobalSection(ProjectConfigurationPlatforms) = postSolution
		{0A09F839-6750-4D30-AF8C-4D79C6ECB672}.Debug|Any CPU.ActiveCfg = Debug|Any CPU
		{0A09F839-6750-4D30-AF8C-4D79C6ECB672}.Debug|Any CPU.Build.0 = Debug|Any CPU
		{0A09F839-6750-4D30-AF8C-4D79C6ECB672}.Release|Any CPU.ActiveCfg = Release|Any CPU
		{0A09F839-6750-4D30-AF8C-4D79C6ECB672}.Release|Any CPU.Build.0 = Release|Any CPU
	EndGlobalSection
	GlobalSection(SolutionProperties) = preSolution
		HideSolutionNode = FALSE
	EndGlobalSection
	GlobalSection(ExtensibilityGlobals) = postSolution
		SolutionGuid = {273B7D24-3C89-4592-925C-17D54D7AB332}
	EndGlobalSection
EndGlobal
